{
  "name": "sorttable",
  "version": "1.0.0",
  "lockfileVersion": 3,
  "requires": true,
  "packages": {
    "": {
      "name": "sorttable",
      "version": "1.0.0",
      "license": "ISC",
      "dependencies": {
        "regular-table": "^0.6.3"
      }
    },
    "node_modules/regular-table": {
      "version": "0.6.3",
      "resolved": "https://registry.npmjs.org/regular-table/-/regular-table-0.6.3.tgz",
      "integrity": "sha512-esS+UzNy26gAFDpy2o/h1B+s/BrFZj6KJOGie7Y/84+PPcpnsPUGV7Z/msQyyuHSOAixUHgHRe2Bqe9YcxFqGA==",
      "engines": {
        "node": ">=16"
      }
    }
  }
}
